
Microsoft Visual Studio Solution File, Format Version 12.00
# Visual Studio Version 17
VisualStudioVersion = 17.3.32929.385
MinimumVisualStudioVersion = 10.0.40219.1
Project("{FAE04EC0-301F-11D3-BF4B-00C04F79EFBC}") = "FileReaderMultithread", "FileReaderMultithread\FileReaderMultithread.csproj", "{DB4DB1D4-5776-4671-A056-5036C7EE6F48}"
EndProject
Project("{FAE04EC0-301F-11D3-BF4B-00C04F79EFBC}") = "FileReaderMultithread.Test", "FileReaderMultithread.Test\FileReaderMultithread.Test.csproj", "{1C4A6C8D-806C-4EC2-B53C-E69C601C736A}"
EndProject
Global
	GlobalSection(SolutionConfigurationPlatforms) = preSolution
		Debug|Any CPU = Debug|Any CPU
		Release|Any CPU = Release|Any CPU
	EndGlobalSection
	GlobalSection(ProjectConfigurationPlatforms) = postSolution
		{DB4DB1D4-5776-4671-A056-5036C7EE6F48}.Debug|Any CPU.ActiveCfg = Debug|Any CPU
		{DB4DB1D4-5776-4671-A056-5036C7EE6F48}.Debug|Any CPU.Build.0 = Debug|Any CPU
		{DB4DB1D4-5776-4671-A056-5036C7EE6F48}.Release|Any CPU.ActiveCfg = Release|Any CPU
		{DB4DB1D4-5776-4671-A056-5036C7EE6F48}.Release|Any CPU.Build.0 = Release|Any CPU
		{1C4A6C8D-806C-4EC2-B53C-E69C601C736A}.Debug|Any CPU.ActiveCfg = Debug|Any CPU
		{1C4A6C8D-806C-4EC2-B53C-E69C601C736A}.Debug|Any CPU.Build.0 = Debug|Any CPU
		{1C4A6C8D-806C-4EC2-B53C-E69C601C736A}.Release|Any CPU.ActiveCfg = Release|Any CPU
		{1C4A6C8D-806C-4EC2-B53C-E69C601C736A}.Release|Any CPU.Build.0 = Release|Any CPU
	EndGlobalSection
	GlobalSection(SolutionProperties) = preSolution
		HideSolutionNode = FALSE
	EndGlobalSection
	GlobalSection(ExtensibilityGlobals) = postSolution
		SolutionGuid = {02F4F60F-26B5-4774-BCBA-C0711723CC31}
	EndGlobalSection
EndGlobal
